
Microsoft Visual Studio Solution File, Format Version 12.00
# Visual Studio 15
VisualStudioVersion = 15.0.27703.2000
MinimumVisualStudioVersion = 10.0.40219.1
Project("{FAE04EC0-301F-11D3-BF4B-00C04F79EFBC}") = "Chronometer", "Chronometer\Chronometer.csproj", "{09367678-0010-4A4B-9FCF-0742D2F1028F}"
EndProject
Project("{54435603-DBB4-11D2-8724-00A0C9A8B90C}") = "Setup", "Setup\Setup.vdproj", "{B55CB572-D04C-42E8-9B91-03ED244461EA}"
EndProject
Global
	GlobalSection(SolutionConfigurationPlatforms) = preSolution
		Debug|Any CPU = Debug|Any CPU
		Release|Any CPU = Release|Any CPU
	EndGlobalSection
	GlobalSection(ProjectConfigurationPlatforms) = postSolution
		{09367678-0010-4A4B-9FCF-0742D2F1028F}.Debug|Any CPU.ActiveCfg = Debug|Any CPU
		{09367678-0010-4A4B-9FCF-0742D2F1028F}.Debug|Any CPU.Build.0 = Debug|Any CPU
		{09367678-0010-4A4B-9FCF-0742D2F1028F}.Release|Any CPU.ActiveCfg = Release|Any CPU
		{09367678-0010-4A4B-9FCF-0742D2F1028F}.Release|Any CPU.Build.0 = Release|Any CPU
		{B55CB572-D04C-42E8-9B91-03ED244461EA}.Debug|Any CPU.ActiveCfg = Debug
		{B55CB572-D04C-42E8-9B91-03ED244461EA}.Release|Any CPU.ActiveCfg = Release
	EndGlobalSection
	GlobalSection(SolutionProperties) = preSolution
		HideSolutionNode = FALSE
	EndGlobalSection
	GlobalSection(ExtensibilityGlobals) = postSolution
		SolutionGuid = {45C85179-838B-4981-A528-4F73CC16848D}
	EndGlobalSection
EndGlobal
